// !$*UTF8*$!
{
	archiveVersion = 1;
	classes = {
	};
	objectVersion = 46;
	objects = {

/* Begin PBXBuildFile section */
		435E44B718206F58000312C1 /* Foundation.framework in Frameworks */ = {isa = PBXBuildFile; fileRef = 435E44B618206F58000312C1 /* Foundation.framework */; };
		435E44B918206F58000312C1 /* CoreGraphics.framework in Frameworks */ = {isa = PBXBuildFile; fileRef = 435E44B818206F58000312C1 /* CoreGraphics.framework */; };
		435E44BB18206F58000312C1 /* UIKit.framework in Frameworks */ = {isa = PBXBuildFile; fileRef = 435E44BA18206F58000312C1 /* UIKit.framework */; };
		435E44C118206F58000312C1 /* InfoPlist.strings in Resources */ = {isa = PBXBuildFile; fileRef = 435E44BF18206F58000312C1 /* InfoPlist.strings */; };
		435E44C318206F58000312C1 /* main.m in Sources */ = {isa = PBXBuildFile; fileRef = 435E44C218206F58000312C1 /* main.m */; };
		435E44C718206F58000312C1 /* DCAppDelegate.m in Sources */ = {isa = PBXBuildFile; fileRef = 435E44C618206F58000312C1 /* DCAppDelegate.m */; };
		435E44CA18206F58000312C1 /* Main.storyboard in Resources */ = {isa = PBXBuildFile; fileRef = 435E44C818206F58000312C1 /* Main.storyboard */; };
		435E44CD18206F58000312C1 /* DCViewController.m in Sources */ = {isa = PBXBuildFile; fileRef = 435E44CC18206F58000312C1 /* DCViewController.m */; };
		435E44CF18206F58000312C1 /* Images.xcassets in Resources */ = {isa = PBXBuildFile; fileRef = 435E44CE18206F58000312C1 /* Images.xcassets */; };
		435E44D618206F58000312C1 /* XCTest.framework in Frameworks */ = {isa = PBXBuildFile; fileRef = 435E44D518206F58000312C1 /* XCTest.framework */; };
		435E44D718206F58000312C1 /* Foundation.framework in Frameworks */ = {isa = PBXBuildFile; fileRef = 435E44B618206F58000312C1 /* Foundation.framework */; };
		435E44D818206F58000312C1 /* UIKit.framework in Frameworks */ = {isa = PBXBuildFile; fileRef = 435E44BA18206F58000312C1 /* UIKit.framework */; };
		435E44E018206F58000312C1 /* InfoPlist.strings in Resources */ = {isa = PBXBuildFile; fileRef = 435E44DE18206F58000312C1 /* InfoPlist.strings */; };
		435E44E218206F58000312C1 /* UITableViewController_Challanger_SolutionTests.m in Sources */ = {isa = PBXBuildFile; fileRef = 435E44E118206F58000312C1 /* UITableViewController_Challanger_SolutionTests.m */; };
/* End PBXBuildFile section */

/* Begin PBXContainerItemProxy section */
		435E44D918206F58000312C1 /* PBXContainerItemProxy */ = {
			isa = PBXContainerItemProxy;
			containerPortal = 435E44AB18206F58000312C1 /* Project object */;
			proxyType = 1;
			remoteGlobalIDString = 435E44B218206F58000312C1;
			remoteInfo = "UITableViewController Challanger Solution";
		};
/* End PBXContainerItemProxy section */

/* Begin PBXFileReference section */
		435E44B318206F58000312C1 /* UITableViewController Challanger Solution.app */ = {isa = PBXFileReference; explicitFileType = wrapper.application; includeInIndex = 0; path = "UITableViewController Challanger Solution.app"; sourceTree = BUILT_PRODUCTS_DIR; };
		435E44B618206F58000312C1 /* Foundation.framework */ = {isa = PBXFileReference; lastKnownFileType = wrapper.framework; name = Foundation.framework; path = System/Library/Frameworks/Foundation.framework; sourceTree = SDKROOT; };
		435E44B818206F58000312C1 /* CoreGraphics.framework */ = {isa = PBXFileReference; lastKnownFileType = wrapper.framework; name = CoreGraphics.framework; path = System/Library/Frameworks/CoreGraphics.framework; sourceTree = SDKROOT; };
		435E44BA18206F58000312C1 /* UIKit.framework */ = {isa = PBXFileReference; lastKnownFileType = wrapper.framework; name = UIKit.framework; path = System/Library/Frameworks/UIKit.framework; sourceTree = SDKROOT; };
		435E44BE18206F58000312C1 /* UITableViewController Challanger Solution-Info.plist */ = {isa = PBXFileReference; lastKnownFileType = text.plist.xml; path = "UITableViewController Challanger Solution-Info.plist"; sourceTree = "<group>"; };
		435E44C018206F58000312C1 /* en */ = {isa = PBXFileReference; lastKnownFileType = text.plist.strings; name = en; path = en.lproj/InfoPlist.strings; sourceTree = "<group>"; };
		435E44C218206F58000312C1 /* main.m */ = {isa = PBXFileReference; lastKnownFileType = sourcecode.c.objc; path = main.m; sourceTree = "<group>"; };
		435E44C418206F58000312C1 /* UITableViewController Challanger Solution-Prefix.pch */ = {isa = PBXFileReference; lastKnownFileType = sourcecode.c.h; path = "UITableViewController Challanger Solution-Prefix.pch"; sourceTree = "<group>"; };
		435E44C518206F58000312C1 /* DCAppDelegate.h */ = {isa = PBXFileReference; lastKnownFileType = sourcecode.c.h; path = DCAppDelegate.h; sourceTree = "<group>"; };
		435E44C618206F58000312C1 /* DCAppDelegate.m */ = {isa = PBXFileReference; lastKnownFileType = sourcecode.c.objc; path = DCAppDelegate.m; sourceTree = "<group>"; };
		435E44C918206F58000312C1 /* Base */ = {isa = PBXFileReference; lastKnownFileType = file.storyboard; name = Base; path = Base.lproj/Main.storyboard; sourceTree = "<group>"; };
		435E44CB18206F58000312C1 /* DCViewController.h */ = {isa = PBXFileReference; lastKnownFileType = sourcecode.c.h; path = DCViewController.h; sourceTree = "<group>"; };
		435E44CC18206F58000312C1 /* DCViewController.m */ = {isa = PBXFileReference; lastKnownFileType = sourcecode.c.objc; path = DCViewController.m; sourceTree = "<group>"; };
		435E44CE18206F58000312C1 /* Images.xcassets */ = {isa = PBXFileReference; lastKnownFileType = folder.assetcatalog; path = Images.xcassets; sourceTree = "<group>"; };
		435E44D418206F58000312C1 /* UITableViewController Challanger SolutionTests.xctest */ = {isa = PBXFileReference; explicitFileType = wrapper.cfbundle; includeInIndex = 0; path = "UITableViewController Challanger SolutionTests.xctest"; sourceTree = BUILT_PRODUCTS_DIR; };
		435E44D518206F58000312C1 /* XCTest.framework */ = {isa = PBXFileReference; lastKnownFileType = wrapper.framework; name = XCTest.framework; path = Library/Frameworks/XCTest.framework; sourceTree = DEVELOPER_DIR; };
		435E44DD18206F58000312C1 /* UITableViewController Challanger SolutionTests-Info.plist */ = {isa = PBXFileReference; lastKnownFileType = text.plist.xml; path = "UITableViewController Challanger SolutionTests-Info.plist"; sourceTree = "<group>"; };
		435E44DF18206F58000312C1 /* en */ = {isa = PBXFileReference; lastKnownFileType = text.plist.strings; name = en; path = en.lproj/InfoPlist.strings; sourceTree = "<group>"; };
		435E44E118206F58000312C1 /* UITableViewController_Challanger_SolutionTests.m */ = {isa = PBXFileReference; lastKnownFileType = sourcecode.c.objc; path = UITableViewController_Challanger_SolutionTests.m; sourceTree = "<group>"; };
/* End PBXFileReference section */

/* Begin PBXFrameworksBuildPhase section */
		435E44B018206F58000312C1 /* Frameworks */ = {
			isa = PBXFrameworksBuildPhase;
			buildActionMask = 2147483647;
			files = (
				435E44B918206F58000312C1 /* CoreGraphics.framework in Frameworks */,
				435E44BB18206F58000312C1 /* UIKit.framework in Frameworks */,
				435E44B718206F58000312C1 /* Foundation.framework in Frameworks */,
			);
			runOnlyForDeploymentPostprocessing = 0;
		};
		435E44D118206F58000312C1 /* Frameworks */ = {
			isa = PBXFrameworksBuildPhase;
			buildActionMask = 2147483647;
			files = (
				435E44D618206F58000312C1 /* XCTest.framework in Frameworks */,
				435E44D818206F58000312C1 /* UIKit.framework in Frameworks */,
				435E44D718206F58000312C1 /* Foundation.framework in Frameworks */,
			);
			runOnlyForDeploymentPostprocessing = 0;
		};
/* End PBXFrameworksBuildPhase section */

/* Begin PBXGroup section */
		435E44AA18206F58000312C1 = {
			isa = PBXGroup;
			children = (
				435E44BC18206F58000312C1 /* UITableViewController Challanger Solution */,
				435E44DB18206F58000312C1 /* UITableViewController Challanger SolutionTests */,
				435E44B518206F58000312C1 /* Frameworks */,
				435E44B418206F58000312C1 /* Products */,
			);
			sourceTree = "<group>";
		};
		435E44B418206F58000312C1 /* Products */ = {
			isa = PBXGroup;
			children = (
				435E44B318206F58000312C1 /* UITableViewController Challanger Solution.app */,
				435E44D418206F58000312C1 /* UITableViewController Challanger SolutionTests.xctest */,
			);
			name = Products;
			sourceTree = "<group>";
		};
		435E44B518206F58000312C1 /* Frameworks */ = {
			isa = PBXGroup;
			children = (
				435E44B618206F58000312C1 /* Foundation.framework */,
				435E44B818206F58000312C1 /* CoreGraphics.framework */,
				435E44BA18206F58000312C1 /* UIKit.framework */,
				435E44D518206F58000312C1 /* XCTest.framework */,
			);
			name = Frameworks;
			sourceTree = "<group>";
		};
		435E44BC18206F58000312C1 /* UITableViewController Challanger Solution */ = {
			isa = PBXGroup;
			children = (
				435E44C518206F58000312C1 /* DCAppDelegate.h */,
				435E44C618206F58000312C1 /* DCAppDelegate.m */,
				435E44C818206F58000312C1 /* Main.storyboard */,
				435E44CB18206F58000312C1 /* DCViewController.h */,
				435E44CC18206F58000312C1 /* DCViewController.m */,
				435E44CE18206F58000312C1 /* Images.xcassets */,
				435E44BD18206F58000312C1 /* Supporting Files */,
			);
			path = "UITableViewController Challanger Solution";
			sourceTree = "<group>";
		};
		435E44BD18206F58000312C1 /* Supporting Files */ = {
			isa = PBXGroup;
			children = (
				435E44BE18206F58000312C1 /* UITableViewController Challanger Solution-Info.plist */,
				435E44BF18206F58000312C1 /* InfoPlist.strings */,
				435E44C218206F58000312C1 /* main.m */,
				435E44C418206F58000312C1 /* UITableViewController Challanger Solution-Prefix.pch */,
			);
			name = "Supporting Files";
			sourceTree = "<group>";
		};
		435E44DB18206F58000312C1 /* UITableViewController Challanger SolutionTests */ = {
			isa = PBXGroup;
			children = (
				435E44E118206F58000312C1 /* UITableViewController_Challanger_SolutionTests.m */,
				435E44DC18206F58000312C1 /* Supporting Files */,
			);
			path = "UITableViewController Challanger SolutionTests";
			sourceTree = "<group>";
		};
		435E44DC18206F58000312C1 /* Supporting Files */ = {
			isa = PBXGroup;
			children = (
				435E44DD18206F58000312C1 /* UITableViewController Challanger SolutionTests-Info.plist */,
				435E44DE18206F58000312C1 /* InfoPlist.strings */,
			);
			name = "Supporting Files";
			sourceTree = "<group>";
		};
/* End PBXGroup section */

/* Begin PBXNativeTarget section */
		435E44B218206F58000312C1 /* UITableViewController Challanger Solution */ = {
			isa = PBXNativeTarget;
			buildConfigurationList = 435E44E518206F58000312C1 /* Build configuration list for PBXNativeTarget "UITableViewController Challanger Solution" */;
			buildPhases = (
				435E44AF18206F58000312C1 /* Sources */,
				435E44B018206F58000312C1 /* Frameworks */,
				435E44B118206F58000312C1 /* Resources */,
			);
			buildRules = (
			);
			dependencies = (
			);
			name = "UITableViewController Challanger Solution";
			productName = "UITableViewController Challanger Solution";
			productReference = 435E44B318206F58000312C1 /* UITableViewController Challanger Solution.app */;
			productType = "com.apple.product-type.application";
		};
		435E44D318206F58000312C1 /* UITableViewController Challanger SolutionTests */ = {
			isa = PBXNativeTarget;
			buildConfigurationList = 435E44E818206F58000312C1 /* Build configuration list for PBXNativeTarget "UITableViewController Challanger SolutionTests" */;
			buildPhases = (
				435E44D018206F58000312C1 /* Sources */,
				435E44D118206F58000312C1 /* Frameworks */,
				435E44D218206F58000312C1 /* Resources */,
			);
			buildRules = (
			);
			dependencies = (
				435E44DA18206F58000312C1 /* PBXTargetDependency */,
			);
			name = "UITableViewController Challanger SolutionTests";
			productName = "UITableViewController Challanger SolutionTests";
			productReference = 435E44D418206F58000312C1 /* UITableViewController Challanger SolutionTests.xctest */;
			productType = "com.apple.product-type.bundle.unit-test";
		};
/* End PBXNativeTarget section */

/* Begin PBXProject section */
		435E44AB18206F58000312C1 /* Project object */ = {
			isa = PBXProject;
			attributes = {
				CLASSPREFIX = DC;
				LastUpgradeCheck = 0500;
				ORGANIZATIONNAME = DC;
				TargetAttributes = {
					435E44D318206F58000312C1 = {
						TestTargetID = 435E44B218206F58000312C1;
					};
				};
			};
			buildConfigurationList = 435E44AE18206F58000312C1 /* Build configuration list for PBXProject "UITableViewController Challanger Solution" */;
			compatibilityVersion = "Xcode 3.2";
			developmentRegion = English;
			hasScannedForEncodings = 0;
			knownRegions = (
				en,
				Base,
			);
			mainGroup = 435E44AA18206F58000312C1;
			productRefGroup = 435E44B418206F58000312C1 /* Products */;
			projectDirPath = "";
			projectRoot = "";
			targets = (
				435E44B218206F58000312C1 /* UITableViewController Challanger Solution */,
				435E44D318206F58000312C1 /* UITableViewController Challanger SolutionTests */,
			);
		};
/* End PBXProject section */

/* Begin PBXResourcesBuildPhase section */
		435E44B118206F58000312C1 /* Resources */ = {
			isa = PBXResourcesBuildPhase;
			buildActionMask = 2147483647;
			files = (
				435E44CF18206F58000312C1 /* Images.xcassets in Resources */,
				435E44C118206F58000312C1 /* InfoPlist.strings in Resources */,
				435E44CA18206F58000312C1 /* Main.storyboard in Resources */,
			);
			runOnlyForDeploymentPostprocessing = 0;
		};
		435E44D218206F58000312C1 /* Resources */ = {
			isa = PBXResourcesBuildPhase;
			buildActionMask = 2147483647;
			files = (
				435E44E018206F58000312C1 /* InfoPlist.strings in Resources */,
			);
			runOnlyForDeploymentPostprocessing = 0;
		};
/* End PBXResourcesBuildPhase section */

/* Begin PBXSourcesBuildPhase section */
		435E44AF18206F58000312C1 /* Sources */ = {
			isa = PBXSourcesBuildPhase;
			buildActionMask = 2147483647;
			files = (
				435E44C318206F58000312C1 /* main.m in Sources */,
				435E44CD18206F58000312C1 /* DCViewController.m in Sources */,
				435E44C718206F58000312C1 /* DCAppDelegate.m in Sources */,
			);
			runOnlyForDeploymentPostprocessing = 0;
		};
		435E44D018206F58000312C1 /* Sources */ = {
			isa = PBXSourcesBuildPhase;
			buildActionMask = 2147483647;
			files = (
				435E44E218206F58000312C1 /* UITableViewController_Challanger_SolutionTests.m in Sources */,
			);
			runOnlyForDeploymentPostprocessing = 0;
		};
/* End PBXSourcesBuildPhase section */

/* Begin PBXTargetDependency section */
		435E44DA18206F58000312C1 /* PBXTargetDependency */ = {
			isa = PBXTargetDependency;
			target = 435E44B218206F58000312C1 /* UITableViewController Challanger Solution */;
			targetProxy = 435E44D918206F58000312C1 /* PBXContainerItemProxy */;
		};
/* End PBXTargetDependency section */

/* Begin PBXVariantGroup section */
		435E44BF18206F58000312C1 /* InfoPlist.strings */ = {
			isa = PBXVariantGroup;
			children = (
				435E44C018206F58000312C1 /* en */,
			);
			name = InfoPlist.strings;
			sourceTree = "<group>";
		};
		435E44C818206F58000312C1 /* Main.storyboard */ = {
			isa = PBXVariantGroup;
			children = (
				435E44C918206F58000312C1 /* Base */,
			);
			name = Main.storyboard;
			sourceTree = "<group>";
		};
		435E44DE18206F58000312C1 /* InfoPlist.strings */ = {
			isa = PBXVariantGroup;
			children = (
				435E44DF18206F58000312C1 /* en */,
			);
			name = InfoPlist.strings;
			sourceTree = "<group>";
		};
/* End PBXVariantGroup section */

/* Begin XCBuildConfiguration section */
		435E44E318206F58000312C1 /* Debug */ = {
			isa = XCBuildConfiguration;
			buildSettings = {
				ALWAYS_SEARCH_USER_PATHS = NO;
				ARCHS = "$(ARCHS_STANDARD_INCLUDING_64_BIT)";
				CLANG_CXX_LANGUAGE_STANDARD = "gnu++0x";
				CLANG_CXX_LIBRARY = "libc++";
				CLANG_ENABLE_MODULES = YES;
				CLANG_ENABLE_OBJC_ARC = YES;
				CLANG_WARN_BOOL_CONVERSION = YES;
				CLANG_WARN_CONSTANT_CONVERSION = YES;
				CLANG_WARN_DIRECT_OBJC_ISA_USAGE = YES_ERROR;
				CLANG_WARN_EMPTY_BODY = YES;
				CLANG_WARN_ENUM_CONVERSION = YES;
				CLANG_WARN_INT_CONVERSION = YES;
				CLANG_WARN_OBJC_ROOT_CLASS = YES_ERROR;
				CLANG_WARN__DUPLICATE_METHOD_MATCH = YES;
				"CODE_SIGN_IDENTITY[sdk=iphoneos*]" = "iPhone Developer";
				COPY_PHASE_STRIP = NO;
				GCC_C_LANGUAGE_STANDARD = gnu99;
				GCC_DYNAMIC_NO_PIC = NO;
				GCC_OPTIMIZATION_LEVEL = 0;
				GCC_PREPROCESSOR_DEFINITIONS = (
					"DEBUG=1",
					"$(inherited)",
				);
				GCC_SYMBOLS_PRIVATE_EXTERN = NO;
				GCC_WARN_64_TO_32_BIT_CONVERSION = YES;
				GCC_WARN_ABOUT_RETURN_TYPE = YES_ERROR;
				GCC_WARN_UNDECLARED_SELECTOR = YES;
				GCC_WARN_UNINITIALIZED_AUTOS = YES;
				GCC_WARN_UNUSED_FUNCTION = YES;
				GCC_WARN_UNUSED_VARIABLE = YES;
				IPHONEOS_DEPLOYMENT_TARGET = 7.0;
				ONLY_ACTIVE_ARCH = YES;
				SDKROOT = iphoneos;
			};
			name = Debug;
		};
		435E44E418206F58000312C1 /* Release */ = {
			isa = XCBuildConfiguration;
			buildSettings = {
				ALWAYS_SEARCH_USER_PATHS = NO;
				ARCHS = "$(ARCHS_STANDARD_INCLUDING_64_BIT)";
				CLANG_CXX_LANGUAGE_STANDARD = "gnu++0x";
				CLANG_CXX_LIBRARY = "libc++";
				CLANG_ENABLE_MODULES = YES;
				CLANG_ENABLE_OBJC_ARC = YES;
				CLANG_WARN_BOOL_CONVERSION = YES;
				CLANG_WARN_CONSTANT_CONVERSION = YES;
				CLANG_WARN_DIRECT_OBJC_ISA_USAGE = YES_ERROR;
				CLANG_WARN_EMPTY_BODY = YES;
				CLANG_WARN_ENUM_CONVERSION = YES;
				CLANG_WARN_INT_CONVERSION = YES;
				CLANG_WARN_OBJC_ROOT_CLASS = YES_ERROR;
				CLANG_WARN__DUPLICATE_METHOD_MATCH = YES;
				"CODE_SIGN_IDENTITY[sdk=iphoneos*]" = "iPhone Developer";
				COPY_PHASE_STRIP = YES;
				ENABLE_NS_ASSERTIONS = NO;
				GCC_C_LANGUAGE_STANDARD = gnu99;
				GCC_WARN_64_TO_32_BIT_CONVERSION = YES;
				GCC_WARN_ABOUT_RETURN_TYPE = YES_ERROR;
				GCC_WARN_UNDECLARED_SELECTOR = YES;
				GCC_WARN_UNINITIALIZED_AUTOS = YES;
				GCC_WARN_UNUSED_FUNCTION = YES;
				GCC_WARN_UNUSED_VARIABLE = YES;
				IPHONEOS_DEPLOYMENT_TARGET = 7.0;
				SDKROOT = iphoneos;
				VALIDATE_PRODUCT = YES;
			};
			name = Release;
		};
		435E44E618206F58000312C1 /* Debug */ = {
			isa = XCBuildConfiguration;
			buildSettings = {
				ASSETCATALOG_COMPILER_APPICON_NAME = AppIcon;
				ASSETCATALOG_COMPILER_LAUNCHIMAGE_NAME = LaunchImage;
				GCC_PRECOMPILE_PREFIX_HEADER = YES;
				GCC_PREFIX_HEADER = "UITableViewController Challanger Solution/UITableViewController Challanger Solution-Prefix.pch";
				INFOPLIST_FILE = "UITableViewController Challanger Solution/UITableViewController Challanger Solution-Info.plist";
				PRODUCT_NAME = "$(TARGET_NAME)";
				WRAPPER_EXTENSION = app;
			};
			name = Debug;
		};
		435E44E718206F58000312C1 /* Release */ = {
			isa = XCBuildConfiguration;
			buildSettings = {
				ASSETCATALOG_COMPILER_APPICON_NAME = AppIcon;
				ASSETCATALOG_COMPILER_LAUNCHIMAGE_NAME = LaunchImage;
				GCC_PRECOMPILE_PREFIX_HEADER = YES;
				GCC_PREFIX_HEADER = "UITableViewController Challanger Solution/UITableViewController Challanger Solution-Prefix.pch";
				INFOPLIST_FILE = "UITableViewController Challanger Solution/UITableViewController Challanger Solution-Info.plist";
				PRODUCT_NAME = "$(TARGET_NAME)";
				WRAPPER_EXTENSION = app;
			};
			name = Release;
		};
		435E44E918206F58000312C1 /* Debug */ = {
			isa = XCBuildConfiguration;
			buildSettings = {
				ARCHS = "$(ARCHS_STANDARD_INCLUDING_64_BIT)";
				BUNDLE_LOADER = "$(BUILT_PRODUCTS_DIR)/UITableViewController Challanger Solution.app/UITableViewController Challanger Solution";
				FRAMEWORK_SEARCH_PATHS = (
					"$(SDKROOT)/Developer/Library/Frameworks",
					"$(inherited)",
					"$(DEVELOPER_FRAMEWORKS_DIR)",
				);
				GCC_PRECOMPILE_PREFIX_HEADER = YES;
				GCC_PREFIX_HEADER = "UITableViewController Challanger Solution/UITableViewController Challanger Solution-Prefix.pch";
				GCC_PREPROCESSOR_DEFINITIONS = (
					"DEBUG=1",
					"$(inherited)",
				);
				INFOPLIST_FILE = "UITableViewController Challanger SolutionTests/UITableViewController Challanger SolutionTests-Info.plist";
				PRODUCT_NAME = "$(TARGET_NAME)";
				TEST_HOST = "$(BUNDLE_LOADER)";
				WRAPPER_EXTENSION = xctest;
			};
			name = Debug;
		};
		435E44EA18206F58000312C1 /* Release */ = {
			isa = XCBuildConfiguration;
			buildSettings = {
				ARCHS = "$(ARCHS_STANDARD_INCLUDING_64_BIT)";
				BUNDLE_LOADER = "$(BUILT_PRODUCTS_DIR)/UITableViewController Challanger Solution.app/UITableViewController Challanger Solution";
				FRAMEWORK_SEARCH_PATHS = (
					"$(SDKROOT)/Developer/Library/Frameworks",
					"$(inherited)",
					"$(DEVELOPER_FRAMEWORKS_DIR)",
				);
				GCC_PRECOMPILE_PREFIX_HEADER = YES;
				GCC_PREFIX_HEADER = "UITableViewController Challanger Solution/UITableViewController Challanger Solution-Prefix.pch";
				INFOPLIST_FILE = "UITableViewController Challanger SolutionTests/UITableViewController Challanger SolutionTests-Info.plist";
				PRODUCT_NAME = "$(TARGET_NAME)";
				TEST_HOST = "$(BUNDLE_LOADER)";
				WRAPPER_EXTENSION = xctest;
			};
			name = Release;
		};
/* End XCBuildConfiguration section */

/* Begin XCConfigurationList section */
		435E44AE18206F58000312C1 /* Build configuration list for PBXProject "UITableViewController Challanger Solution" */ = {
			isa = XCConfigurationList;
			buildConfigurations = (
				435E44E318206F58000312C1 /* Debug */,
				435E44E418206F58000312C1 /* Release */,
			);
			defaultConfigurationIsVisible = 0;
			defaultConfigurationName = Release;
		};
		435E44E518206F58000312C1 /* Build configuration list for PBXNativeTarget "UITableViewController Challanger Solution" */ = {
			isa = XCConfigurationList;
			buildConfigurations = (
				435E44E618206F58000312C1 /* Debug */,
				435E44E718206F58000312C1 /* Release */,
			);
			defaultConfigurationIsVisible = 0;
		};
		435E44E818206F58000312C1 /* Build configuration list for PBXNativeTarget "UITableViewController Challanger SolutionTests" */ = {
			isa = XCConfigurationList;
			buildConfigurations = (
				435E44E918206F58000312C1 /* Debug */,
				435E44EA18206F58000312C1 /* Release */,
			);
			defaultConfigurationIsVisible = 0;
		};
/* End XCConfigurationList section */
	};
	rootObject = 435E44AB18206F58000312C1 /* Project object */;
}
